
Microsoft Visual Studio Solution File, Format Version 12.00
# Visual Studio Version 16
VisualStudioVersion = 16.0.809.5
MinimumVisualStudioVersion = 10.0.40219.1
Project("{FAE04EC0-301F-11D3-BF4B-00C04F79EFBC}") = "Reactjs", "Reactjs.csproj", "{110C254C-BF8B-4473-B704-91FFD0C12861}"
EndProject
Global
	GlobalSection(SolutionConfigurationPlatforms) = preSolution
		Debug|Any CPU = Debug|Any CPU
		Release|Any CPU = Release|Any CPU
	EndGlobalSection
	GlobalSection(ProjectConfigurationPlatforms) = postSolution
		{110C254C-BF8B-4473-B704-91FFD0C12861}.Debug|Any CPU.ActiveCfg = Debug|Any CPU
		{110C254C-BF8B-4473-B704-91FFD0C12861}.Debug|Any CPU.Build.0 = Debug|Any CPU
		{110C254C-BF8B-4473-B704-91FFD0C12861}.Release|Any CPU.ActiveCfg = Release|Any CPU
		{110C254C-BF8B-4473-B704-91FFD0C12861}.Release|Any CPU.Build.0 = Release|Any CPU
	EndGlobalSection
	GlobalSection(SolutionProperties) = preSolution
		HideSolutionNode = FALSE
	EndGlobalSection
	GlobalSection(ExtensibilityGlobals) = postSolution
		SolutionGuid = {E7D3E3E9-A9A9-4DB7-8EE8-FB015AD24C5E}
	EndGlobalSection
EndGlobal
